
Microsoft Visual Studio Solution File, Format Version 12.00
# Visual Studio Version 17
VisualStudioVersion = 17.10.34916.146
MinimumVisualStudioVersion = 10.0.40219.1
Project("{9A19103F-16F7-4668-BE54-9A1E7A4F7556}") = "VotingApp.Web", "VotingApp.Web\VotingApp.Web.csproj", "{6ECDF059-C22F-4EFB-BC90-2B4AFCF7F614}"
EndProject
Project("{FAE04EC0-301F-11D3-BF4B-00C04F79EFBC}") = "VotingApp.Core", "VotingApp.Core\VotingApp.Core.csproj", "{03A242A2-3A21-4EDC-A4BB-0D64644CDB08}"
EndProject
Global
	GlobalSection(SolutionConfigurationPlatforms) = preSolution
		Debug|Any CPU = Debug|Any CPU
		Release|Any CPU = Release|Any CPU
	EndGlobalSection
	GlobalSection(ProjectConfigurationPlatforms) = postSolution
		{6ECDF059-C22F-4EFB-BC90-2B4AFCF7F614}.Debug|Any CPU.ActiveCfg = Debug|Any CPU
		{6ECDF059-C22F-4EFB-BC90-2B4AFCF7F614}.Debug|Any CPU.Build.0 = Debug|Any CPU
		{6ECDF059-C22F-4EFB-BC90-2B4AFCF7F614}.Release|Any CPU.ActiveCfg = Release|Any CPU
		{6ECDF059-C22F-4EFB-BC90-2B4AFCF7F614}.Release|Any CPU.Build.0 = Release|Any CPU
		{03A242A2-3A21-4EDC-A4BB-0D64644CDB08}.Debug|Any CPU.ActiveCfg = Debug|Any CPU
		{03A242A2-3A21-4EDC-A4BB-0D64644CDB08}.Debug|Any CPU.Build.0 = Debug|Any CPU
		{03A242A2-3A21-4EDC-A4BB-0D64644CDB08}.Release|Any CPU.ActiveCfg = Release|Any CPU
		{03A242A2-3A21-4EDC-A4BB-0D64644CDB08}.Release|Any CPU.Build.0 = Release|Any CPU
	EndGlobalSection
	GlobalSection(SolutionProperties) = preSolution
		HideSolutionNode = FALSE
	EndGlobalSection
	GlobalSection(ExtensibilityGlobals) = postSolution
		SolutionGuid = {254BC648-8FD7-4D4F-8262-1961B9AEED40}
	EndGlobalSection
EndGlobal
